// !$*UTF8*$!
{
	archiveVersion = 1;
	classes = {
	};
	objectVersion = 50;
	objects = {

/* Begin PBXBuildFile section */
		5369639221B9942200D6A45A /* AmazonPiP.entitlements in Resources */ = {isa = PBXBuildFile; fileRef = 5369639121B9942200D6A45A /* AmazonPiP.entitlements */; };
		5369639421B9942200D6A45A /* AppDelegate.swift in Sources */ = {isa = PBXBuildFile; fileRef = 5369639321B9942200D6A45A /* AppDelegate.swift */; };
		5369639721B9942200D6A45A /* Main.storyboard in Resources */ = {isa = PBXBuildFile; fileRef = 5369639521B9942200D6A45A /* Main.storyboard */; };
		5369639921B9942200D6A45A /* ViewController.swift in Sources */ = {isa = PBXBuildFile; fileRef = 5369639821B9942200D6A45A /* ViewController.swift */; };
		5369639B21B9942300D6A45A /* Assets.xcassets in Resources */ = {isa = PBXBuildFile; fileRef = 5369639A21B9942300D6A45A /* Assets.xcassets */; };
		536963A621B9942300D6A45A /* AmazonPiPTests.swift in Sources */ = {isa = PBXBuildFile; fileRef = 536963A521B9942300D6A45A /* AmazonPiPTests.swift */; };
		536963B121B9942300D6A45A /* AmazonPiPUITests.swift in Sources */ = {isa = PBXBuildFile; fileRef = 536963B021B9942300D6A45A /* AmazonPiPUITests.swift */; };
		536963B821B9942300D6A45A /* AmazonPiP Extension.appex in Embed App Extensions */ = {isa = PBXBuildFile; fileRef = 536963B721B9942300D6A45A /* AmazonPiP Extension.appex */; settings = {ATTRIBUTES = (RemoveHeadersOnCopy, ); }; };
		536963BD21B9942300D6A45A /* Cocoa.framework in Frameworks */ = {isa = PBXBuildFile; fileRef = 536963BC21B9942300D6A45A /* Cocoa.framework */; };
		536963C021B9942300D6A45A /* SafariExtensionHandler.swift in Sources */ = {isa = PBXBuildFile; fileRef = 536963BF21B9942300D6A45A /* SafariExtensionHandler.swift */; };
		536963C221B9942300D6A45A /* SafariExtensionViewController.swift in Sources */ = {isa = PBXBuildFile; fileRef = 536963C121B9942300D6A45A /* SafariExtensionViewController.swift */; };
		536963C521B9942300D6A45A /* SafariExtensionViewController.xib in Resources */ = {isa = PBXBuildFile; fileRef = 536963C321B9942300D6A45A /* SafariExtensionViewController.xib */; };
		536963C821B9942300D6A45A /* script.js in Resources */ = {isa = PBXBuildFile; fileRef = 536963C721B9942300D6A45A /* script.js */; };
		536963CA21B9942300D6A45A /* ToolbarItemIcon.pdf in Resources */ = {isa = PBXBuildFile; fileRef = 536963C921B9942300D6A45A /* ToolbarItemIcon.pdf */; };
/* End PBXBuildFile section */

/* Begin PBXContainerItemProxy section */
		536963A221B9942300D6A45A /* PBXContainerItemProxy */ = {
			isa = PBXContainerItemProxy;
			containerPortal = 5369638621B9942200D6A45A /* Project object */;
			proxyType = 1;
			remoteGlobalIDString = 5369638D21B9942200D6A45A;
			remoteInfo = AmazonPiP;
		};
		536963AD21B9942300D6A45A /* PBXContainerItemProxy */ = {
			isa = PBXContainerItemProxy;
			containerPortal = 5369638621B9942200D6A45A /* Project object */;
			proxyType = 1;
			remoteGlobalIDString = 5369638D21B9942200D6A45A;
			remoteInfo = AmazonPiP;
		};
		536963B921B9942300D6A45A /* PBXContainerItemProxy */ = {
			isa = PBXContainerItemProxy;
			containerPortal = 5369638621B9942200D6A45A /* Project object */;
			proxyType = 1;
			remoteGlobalIDString = 536963B621B9942300D6A45A;
			remoteInfo = "AmazonPiP Extension";
		};
/* End PBXContainerItemProxy section */

/* Begin PBXCopyFilesBuildPhase section */
		536963D121B9942300D6A45A /* Embed App Extensions */ = {
			isa = PBXCopyFilesBuildPhase;
			buildActionMask = 2147483647;
			dstPath = "";
			dstSubfolderSpec = 13;
			files = (
				536963B821B9942300D6A45A /* AmazonPiP Extension.appex in Embed App Extensions */,
			);
			name = "Embed App Extensions";
			runOnlyForDeploymentPostprocessing = 0;
		};
/* End PBXCopyFilesBuildPhase section */

/* Begin PBXFileReference section */
		5369638E21B9942200D6A45A /* AmazonPiP.app */ = {isa = PBXFileReference; explicitFileType = wrapper.application; includeInIndex = 0; path = AmazonPiP.app; sourceTree = BUILT_PRODUCTS_DIR; };
		5369639121B9942200D6A45A /* AmazonPiP.entitlements */ = {isa = PBXFileReference; lastKnownFileType = text.plist.entitlements; path = AmazonPiP.entitlements; sourceTree = "<group>"; };
		5369639321B9942200D6A45A /* AppDelegate.swift */ = {isa = PBXFileReference; lastKnownFileType = sourcecode.swift; path = AppDelegate.swift; sourceTree = "<group>"; };
		5369639621B9942200D6A45A /* Base */ = {isa = PBXFileReference; lastKnownFileType = file.storyboard; name = Base; path = Base.lproj/Main.storyboard; sourceTree = "<group>"; };
		5369639821B9942200D6A45A /* ViewController.swift */ = {isa = PBXFileReference; lastKnownFileType = sourcecode.swift; path = ViewController.swift; sourceTree = "<group>"; };
		5369639A21B9942300D6A45A /* Assets.xcassets */ = {isa = PBXFileReference; lastKnownFileType = folder.assetcatalog; path = Assets.xcassets; sourceTree = "<group>"; };
		5369639C21B9942300D6A45A /* Info.plist */ = {isa = PBXFileReference; lastKnownFileType = text.plist.xml; path = Info.plist; sourceTree = "<group>"; };
		536963A121B9942300D6A45A /* AmazonPiPTests.xctest */ = {isa = PBXFileReference; explicitFileType = wrapper.cfbundle; includeInIndex = 0; path = AmazonPiPTests.xctest; sourceTree = BUILT_PRODUCTS_DIR; };
		536963A521B9942300D6A45A /* AmazonPiPTests.swift */ = {isa = PBXFileReference; lastKnownFileType = sourcecode.swift; path = AmazonPiPTests.swift; sourceTree = "<group>"; };
		536963A721B9942300D6A45A /* Info.plist */ = {isa = PBXFileReference; lastKnownFileType = text.plist.xml; path = Info.plist; sourceTree = "<group>"; };
		536963AC21B9942300D6A45A /* AmazonPiPUITests.xctest */ = {isa = PBXFileReference; explicitFileType = wrapper.cfbundle; includeInIndex = 0; path = AmazonPiPUITests.xctest; sourceTree = BUILT_PRODUCTS_DIR; };
		536963B021B9942300D6A45A /* AmazonPiPUITests.swift */ = {isa = PBXFileReference; lastKnownFileType = sourcecode.swift; path = AmazonPiPUITests.swift; sourceTree = "<group>"; };
		536963B221B9942300D6A45A /* Info.plist */ = {isa = PBXFileReference; lastKnownFileType = text.plist.xml; path = Info.plist; sourceTree = "<group>"; };
		536963B721B9942300D6A45A /* AmazonPiP Extension.appex */ = {isa = PBXFileReference; explicitFileType = "wrapper.app-extension"; includeInIndex = 0; path = "AmazonPiP Extension.appex"; sourceTree = BUILT_PRODUCTS_DIR; };
		536963BC21B9942300D6A45A /* Cocoa.framework */ = {isa = PBXFileReference; lastKnownFileType = wrapper.framework; name = Cocoa.framework; path = System/Library/Frameworks/Cocoa.framework; sourceTree = SDKROOT; };
		536963BF21B9942300D6A45A /* SafariExtensionHandler.swift */ = {isa = PBXFileReference; lastKnownFileType = sourcecode.swift; path = SafariExtensionHandler.swift; sourceTree = "<group>"; };
		536963C121B9942300D6A45A /* SafariExtensionViewController.swift */ = {isa = PBXFileReference; lastKnownFileType = sourcecode.swift; path = SafariExtensionViewController.swift; sourceTree = "<group>"; };
		536963C421B9942300D6A45A /* Base */ = {isa = PBXFileReference; lastKnownFileType = file.xib; name = Base; path = Base.lproj/SafariExtensionViewController.xib; sourceTree = "<group>"; };
		536963C621B9942300D6A45A /* Info.plist */ = {isa = PBXFileReference; lastKnownFileType = text.plist.xml; path = Info.plist; sourceTree = "<group>"; };
		536963C721B9942300D6A45A /* script.js */ = {isa = PBXFileReference; lastKnownFileType = sourcecode.javascript; path = script.js; sourceTree = "<group>"; };
		536963C921B9942300D6A45A /* ToolbarItemIcon.pdf */ = {isa = PBXFileReference; lastKnownFileType = image.pdf; path = ToolbarItemIcon.pdf; sourceTree = "<group>"; };
		536963CB21B9942300D6A45A /* AmazonPiP_Extension.entitlements */ = {isa = PBXFileReference; lastKnownFileType = text.plist.entitlements; path = AmazonPiP_Extension.entitlements; sourceTree = "<group>"; };
/* End PBXFileReference section */

/* Begin PBXFrameworksBuildPhase section */
		5369638B21B9942200D6A45A /* Frameworks */ = {
			isa = PBXFrameworksBuildPhase;
			buildActionMask = 2147483647;
			files = (
			);
			runOnlyForDeploymentPostprocessing = 0;
		};
		5369639E21B9942300D6A45A /* Frameworks */ = {
			isa = PBXFrameworksBuildPhase;
			buildActionMask = 2147483647;
			files = (
			);
			runOnlyForDeploymentPostprocessing = 0;
		};
		536963A921B9942300D6A45A /* Frameworks */ = {
			isa = PBXFrameworksBuildPhase;
			buildActionMask = 2147483647;
			files = (
			);
			runOnlyForDeploymentPostprocessing = 0;
		};
		536963B421B9942300D6A45A /* Frameworks */ = {
			isa = PBXFrameworksBuildPhase;
			buildActionMask = 2147483647;
			files = (
				536963BD21B9942300D6A45A /* Cocoa.framework in Frameworks */,
			);
			runOnlyForDeploymentPostprocessing = 0;
		};
/* End PBXFrameworksBuildPhase section */

/* Begin PBXGroup section */
		5369638521B9942200D6A45A = {
			isa = PBXGroup;
			children = (
				5369639021B9942200D6A45A /* AmazonPiP */,
				536963A421B9942300D6A45A /* AmazonPiPTests */,
				536963AF21B9942300D6A45A /* AmazonPiPUITests */,
				536963BE21B9942300D6A45A /* AmazonPiP Extension */,
				536963BB21B9942300D6A45A /* Frameworks */,
				5369638F21B9942200D6A45A /* Products */,
			);
			sourceTree = "<group>";
		};
		5369638F21B9942200D6A45A /* Products */ = {
			isa = PBXGroup;
			children = (
				5369638E21B9942200D6A45A /* AmazonPiP.app */,
				536963A121B9942300D6A45A /* AmazonPiPTests.xctest */,
				536963AC21B9942300D6A45A /* AmazonPiPUITests.xctest */,
				536963B721B9942300D6A45A /* AmazonPiP Extension.appex */,
			);
			name = Products;
			sourceTree = "<group>";
		};
		5369639021B9942200D6A45A /* AmazonPiP */ = {
			isa = PBXGroup;
			children = (
				5369639121B9942200D6A45A /* AmazonPiP.entitlements */,
				5369639321B9942200D6A45A /* AppDelegate.swift */,
				5369639521B9942200D6A45A /* Main.storyboard */,
				5369639821B9942200D6A45A /* ViewController.swift */,
				5369639A21B9942300D6A45A /* Assets.xcassets */,
				5369639C21B9942300D6A45A /* Info.plist */,
			);
			path = AmazonPiP;
			sourceTree = "<group>";
		};
		536963A421B9942300D6A45A /* AmazonPiPTests */ = {
			isa = PBXGroup;
			children = (
				536963A521B9942300D6A45A /* AmazonPiPTests.swift */,
				536963A721B9942300D6A45A /* Info.plist */,
			);
			path = AmazonPiPTests;
			sourceTree = "<group>";
		};
		536963AF21B9942300D6A45A /* AmazonPiPUITests */ = {
			isa = PBXGroup;
			children = (
				536963B021B9942300D6A45A /* AmazonPiPUITests.swift */,
				536963B221B9942300D6A45A /* Info.plist */,
			);
			path = AmazonPiPUITests;
			sourceTree = "<group>";
		};
		536963BB21B9942300D6A45A /* Frameworks */ = {
			isa = PBXGroup;
			children = (
				536963BC21B9942300D6A45A /* Cocoa.framework */,
			);
			name = Frameworks;
			sourceTree = "<group>";
		};
		536963BE21B9942300D6A45A /* AmazonPiP Extension */ = {
			isa = PBXGroup;
			children = (
				536963BF21B9942300D6A45A /* SafariExtensionHandler.swift */,
				536963C121B9942300D6A45A /* SafariExtensionViewController.swift */,
				536963C321B9942300D6A45A /* SafariExtensionViewController.xib */,
				536963C621B9942300D6A45A /* Info.plist */,
				536963C721B9942300D6A45A /* script.js */,
				536963C921B9942300D6A45A /* ToolbarItemIcon.pdf */,
				536963CB21B9942300D6A45A /* AmazonPiP_Extension.entitlements */,
			);
			path = "AmazonPiP Extension";
			sourceTree = "<group>";
		};
/* End PBXGroup section */

/* Begin PBXNativeTarget section */
		5369638D21B9942200D6A45A /* AmazonPiP */ = {
			isa = PBXNativeTarget;
			buildConfigurationList = 536963D221B9942300D6A45A /* Build configuration list for PBXNativeTarget "AmazonPiP" */;
			buildPhases = (
				5369638A21B9942200D6A45A /* Sources */,
				5369638B21B9942200D6A45A /* Frameworks */,
				5369638C21B9942200D6A45A /* Resources */,
				536963D121B9942300D6A45A /* Embed App Extensions */,
			);
			buildRules = (
			);
			dependencies = (
				536963BA21B9942300D6A45A /* PBXTargetDependency */,
			);
			name = AmazonPiP;
			productName = AmazonPiP;
			productReference = 5369638E21B9942200D6A45A /* AmazonPiP.app */;
			productType = "com.apple.product-type.application";
		};
		536963A021B9942300D6A45A /* AmazonPiPTests */ = {
			isa = PBXNativeTarget;
			buildConfigurationList = 536963D521B9942300D6A45A /* Build configuration list for PBXNativeTarget "AmazonPiPTests" */;
			buildPhases = (
				5369639D21B9942300D6A45A /* Sources */,
				5369639E21B9942300D6A45A /* Frameworks */,
				5369639F21B9942300D6A45A /* Resources */,
			);
			buildRules = (
			);
			dependencies = (
				536963A321B9942300D6A45A /* PBXTargetDependency */,
			);
			name = AmazonPiPTests;
			productName = AmazonPiPTests;
			productReference = 536963A121B9942300D6A45A /* AmazonPiPTests.xctest */;
			productType = "com.apple.product-type.bundle.unit-test";
		};
		536963AB21B9942300D6A45A /* AmazonPiPUITests */ = {
			isa = PBXNativeTarget;
			buildConfigurationList = 536963D821B9942300D6A45A /* Build configuration list for PBXNativeTarget "AmazonPiPUITests" */;
			buildPhases = (
				536963A821B9942300D6A45A /* Sources */,
				536963A921B9942300D6A45A /* Frameworks */,
				536963AA21B9942300D6A45A /* Resources */,
			);
			buildRules = (
			);
			dependencies = (
				536963AE21B9942300D6A45A /* PBXTargetDependency */,
			);
			name = AmazonPiPUITests;
			productName = AmazonPiPUITests;
			productReference = 536963AC21B9942300D6A45A /* AmazonPiPUITests.xctest */;
			productType = "com.apple.product-type.bundle.ui-testing";
		};
		536963B621B9942300D6A45A /* AmazonPiP Extension */ = {
			isa = PBXNativeTarget;
			buildConfigurationList = 536963CE21B9942300D6A45A /* Build configuration list for PBXNativeTarget "AmazonPiP Extension" */;
			buildPhases = (
				536963B321B9942300D6A45A /* Sources */,
				536963B421B9942300D6A45A /* Frameworks */,
				536963B521B9942300D6A45A /* Resources */,
			);
			buildRules = (
			);
			dependencies = (
			);
			name = "AmazonPiP Extension";
			productName = "AmazonPiP Extension";
			productReference = 536963B721B9942300D6A45A /* AmazonPiP Extension.appex */;
			productType = "com.apple.product-type.app-extension";
		};
/* End PBXNativeTarget section */

/* Begin PBXProject section */
		5369638621B9942200D6A45A /* Project object */ = {
			isa = PBXProject;
			attributes = {
				LastSwiftUpdateCheck = 1010;
				LastUpgradeCheck = 1010;
				ORGANIZATIONNAME = "Sammy Yousif";
				TargetAttributes = {
					5369638D21B9942200D6A45A = {
						CreatedOnToolsVersion = 10.1;
					};
					536963A021B9942300D6A45A = {
						CreatedOnToolsVersion = 10.1;
						TestTargetID = 5369638D21B9942200D6A45A;
					};
					536963AB21B9942300D6A45A = {
						CreatedOnToolsVersion = 10.1;
						TestTargetID = 5369638D21B9942200D6A45A;
					};
					536963B621B9942300D6A45A = {
						CreatedOnToolsVersion = 10.1;
					};
				};
			};
			buildConfigurationList = 5369638921B9942200D6A45A /* Build configuration list for PBXProject "AmazonPiP" */;
			compatibilityVersion = "Xcode 9.3";
			developmentRegion = en;
			hasScannedForEncodings = 0;
			knownRegions = (
				en,
				Base,
			);
			mainGroup = 5369638521B9942200D6A45A;
			productRefGroup = 5369638F21B9942200D6A45A /* Products */;
			projectDirPath = "";
			projectRoot = "";
			targets = (
				5369638D21B9942200D6A45A /* AmazonPiP */,
				536963A021B9942300D6A45A /* AmazonPiPTests */,
				536963AB21B9942300D6A45A /* AmazonPiPUITests */,
				536963B621B9942300D6A45A /* AmazonPiP Extension */,
			);
		};
/* End PBXProject section */

/* Begin PBXResourcesBuildPhase section */
		5369638C21B9942200D6A45A /* Resources */ = {
			isa = PBXResourcesBuildPhase;
			buildActionMask = 2147483647;
			files = (
				5369639221B9942200D6A45A /* AmazonPiP.entitlements in Resources */,
				5369639B21B9942300D6A45A /* Assets.xcassets in Resources */,
				5369639721B9942200D6A45A /* Main.storyboard in Resources */,
			);
			runOnlyForDeploymentPostprocessing = 0;
		};
		5369639F21B9942300D6A45A /* Resources */ = {
			isa = PBXResourcesBuildPhase;
			buildActionMask = 2147483647;
			files = (
			);
			runOnlyForDeploymentPostprocessing = 0;
		};
		536963AA21B9942300D6A45A /* Resources */ = {
			isa = PBXResourcesBuildPhase;
			buildActionMask = 2147483647;
			files = (
			);
			runOnlyForDeploymentPostprocessing = 0;
		};
		536963B521B9942300D6A45A /* Resources */ = {
			isa = PBXResourcesBuildPhase;
			buildActionMask = 2147483647;
			files = (
				536963CA21B9942300D6A45A /* ToolbarItemIcon.pdf in Resources */,
				536963C521B9942300D6A45A /* SafariExtensionViewController.xib in Resources */,
				536963C821B9942300D6A45A /* script.js in Resources */,
			);
			runOnlyForDeploymentPostprocessing = 0;
		};
/* End PBXResourcesBuildPhase section */

/* Begin PBXSourcesBuildPhase section */
		5369638A21B9942200D6A45A /* Sources */ = {
			isa = PBXSourcesBuildPhase;
			buildActionMask = 2147483647;
			files = (
				5369639921B9942200D6A45A /* ViewController.swift in Sources */,
				5369639421B9942200D6A45A /* AppDelegate.swift in Sources */,
			);
			runOnlyForDeploymentPostprocessing = 0;
		};
		5369639D21B9942300D6A45A /* Sources */ = {
			isa = PBXSourcesBuildPhase;
			buildActionMask = 2147483647;
			files = (
				536963A621B9942300D6A45A /* AmazonPiPTests.swift in Sources */,
			);
			runOnlyForDeploymentPostprocessing = 0;
		};
		536963A821B9942300D6A45A /* Sources */ = {
			isa = PBXSourcesBuildPhase;
			buildActionMask = 2147483647;
			files = (
				536963B121B9942300D6A45A /* AmazonPiPUITests.swift in Sources */,
			);
			runOnlyForDeploymentPostprocessing = 0;
		};
		536963B321B9942300D6A45A /* Sources */ = {
			isa = PBXSourcesBuildPhase;
			buildActionMask = 2147483647;
			files = (
				536963C221B9942300D6A45A /* SafariExtensionViewController.swift in Sources */,
				536963C021B9942300D6A45A /* SafariExtensionHandler.swift in Sources */,
			);
			runOnlyForDeploymentPostprocessing = 0;
		};
/* End PBXSourcesBuildPhase section */

/* Begin PBXTargetDependency section */
		536963A321B9942300D6A45A /* PBXTargetDependency */ = {
			isa = PBXTargetDependency;
			target = 5369638D21B9942200D6A45A /* AmazonPiP */;
			targetProxy = 536963A221B9942300D6A45A /* PBXContainerItemProxy */;
		};
		536963AE21B9942300D6A45A /* PBXTargetDependency */ = {
			isa = PBXTargetDependency;
			target = 5369638D21B9942200D6A45A /* AmazonPiP */;
			targetProxy = 536963AD21B9942300D6A45A /* PBXContainerItemProxy */;
		};
		536963BA21B9942300D6A45A /* PBXTargetDependency */ = {
			isa = PBXTargetDependency;
			target = 536963B621B9942300D6A45A /* AmazonPiP Extension */;
			targetProxy = 536963B921B9942300D6A45A /* PBXContainerItemProxy */;
		};
/* End PBXTargetDependency section */

/* Begin PBXVariantGroup section */
		5369639521B9942200D6A45A /* Main.storyboard */ = {
			isa = PBXVariantGroup;
			children = (
				5369639621B9942200D6A45A /* Base */,
			);
			name = Main.storyboard;
			sourceTree = "<group>";
		};
		536963C321B9942300D6A45A /* SafariExtensionViewController.xib */ = {
			isa = PBXVariantGroup;
			children = (
				536963C421B9942300D6A45A /* Base */,
			);
			name = SafariExtensionViewController.xib;
			sourceTree = "<group>";
		};
/* End PBXVariantGroup section */

/* Begin XCBuildConfiguration section */
		536963CC21B9942300D6A45A /* Debug */ = {
			isa = XCBuildConfiguration;
			buildSettings = {
				ALWAYS_SEARCH_USER_PATHS = NO;
				CLANG_ANALYZER_NONNULL = YES;
				CLANG_ANALYZER_NUMBER_OBJECT_CONVERSION = YES_AGGRESSIVE;
				CLANG_CXX_LANGUAGE_STANDARD = "gnu++14";
				CLANG_CXX_LIBRARY = "libc++";
				CLANG_ENABLE_MODULES = YES;
				CLANG_ENABLE_OBJC_ARC = YES;
				CLANG_ENABLE_OBJC_WEAK = YES;
				CLANG_WARN_BLOCK_CAPTURE_AUTORELEASING = YES;
				CLANG_WARN_BOOL_CONVERSION = YES;
				CLANG_WARN_COMMA = YES;
				CLANG_WARN_CONSTANT_CONVERSION = YES;
				CLANG_WARN_DEPRECATED_OBJC_IMPLEMENTATIONS = YES;
				CLANG_WARN_DIRECT_OBJC_ISA_USAGE = YES_ERROR;
				CLANG_WARN_DOCUMENTATION_COMMENTS = YES;
				CLANG_WARN_EMPTY_BODY = YES;
				CLANG_WARN_ENUM_CONVERSION = YES;
				CLANG_WARN_INFINITE_RECURSION = YES;
				CLANG_WARN_INT_CONVERSION = YES;
				CLANG_WARN_NON_LITERAL_NULL_CONVERSION = YES;
				CLANG_WARN_OBJC_IMPLICIT_RETAIN_SELF = YES;
				CLANG_WARN_OBJC_LITERAL_CONVERSION = YES;
				CLANG_WARN_OBJC_ROOT_CLASS = YES_ERROR;
				CLANG_WARN_RANGE_LOOP_ANALYSIS = YES;
				CLANG_WARN_STRICT_PROTOTYPES = YES;
				CLANG_WARN_SUSPICIOUS_MOVE = YES;
				CLANG_WARN_UNGUARDED_AVAILABILITY = YES_AGGRESSIVE;
				CLANG_WARN_UNREACHABLE_CODE = YES;
				CLANG_WARN__DUPLICATE_METHOD_MATCH = YES;
				CODE_SIGN_IDENTITY = "Mac Developer";
				COPY_PHASE_STRIP = NO;
				DEBUG_INFORMATION_FORMAT = dwarf;
				ENABLE_STRICT_OBJC_MSGSEND = YES;
				ENABLE_TESTABILITY = YES;
				GCC_C_LANGUAGE_STANDARD = gnu11;
				GCC_DYNAMIC_NO_PIC = NO;
				GCC_NO_COMMON_BLOCKS = YES;
				GCC_OPTIMIZATION_LEVEL = 0;
				GCC_PREPROCESSOR_DEFINITIONS = (
					"DEBUG=1",
					"$(inherited)",
				);
				GCC_WARN_64_TO_32_BIT_CONVERSION = YES;
				GCC_WARN_ABOUT_RETURN_TYPE = YES_ERROR;
				GCC_WARN_UNDECLARED_SELECTOR = YES;
				GCC_WARN_UNINITIALIZED_AUTOS = YES_AGGRESSIVE;
				GCC_WARN_UNUSED_FUNCTION = YES;
				GCC_WARN_UNUSED_VARIABLE = YES;
				MACOSX_DEPLOYMENT_TARGET = 10.14;
				MTL_ENABLE_DEBUG_INFO = INCLUDE_SOURCE;
				MTL_FAST_MATH = YES;
				ONLY_ACTIVE_ARCH = YES;
				SDKROOT = macosx;
				SWIFT_ACTIVE_COMPILATION_CONDITIONS = DEBUG;
				SWIFT_OPTIMIZATION_LEVEL = "-Onone";
			};
			name = Debug;
		};
		536963CD21B9942300D6A45A /* Release */ = {
			isa = XCBuildConfiguration;
			buildSettings = {
				ALWAYS_SEARCH_USER_PATHS = NO;
				CLANG_ANALYZER_NONNULL = YES;
				CLANG_ANALYZER_NUMBER_OBJECT_CONVERSION = YES_AGGRESSIVE;
				CLANG_CXX_LANGUAGE_STANDARD = "gnu++14";
				CLANG_CXX_LIBRARY = "libc++";
				CLANG_ENABLE_MODULES = YES;
				CLANG_ENABLE_OBJC_ARC = YES;
				CLANG_ENABLE_OBJC_WEAK = YES;
				CLANG_WARN_BLOCK_CAPTURE_AUTORELEASING = YES;
				CLANG_WARN_BOOL_CONVERSION = YES;
				CLANG_WARN_COMMA = YES;
				CLANG_WARN_CONSTANT_CONVERSION = YES;
				CLANG_WARN_DEPRECATED_OBJC_IMPLEMENTATIONS = YES;
				CLANG_WARN_DIRECT_OBJC_ISA_USAGE = YES_ERROR;
				CLANG_WARN_DOCUMENTATION_COMMENTS = YES;
				CLANG_WARN_EMPTY_BODY = YES;
				CLANG_WARN_ENUM_CONVERSION = YES;
				CLANG_WARN_INFINITE_RECURSION = YES;
				CLANG_WARN_INT_CONVERSION = YES;
				CLANG_WARN_NON_LITERAL_NULL_CONVERSION = YES;
				CLANG_WARN_OBJC_IMPLICIT_RETAIN_SELF = YES;
				CLANG_WARN_OBJC_LITERAL_CONVERSION = YES;
				CLANG_WARN_OBJC_ROOT_CLASS = YES_ERROR;
				CLANG_WARN_RANGE_LOOP_ANALYSIS = YES;
				CLANG_WARN_STRICT_PROTOTYPES = YES;
				CLANG_WARN_SUSPICIOUS_MOVE = YES;
				CLANG_WARN_UNGUARDED_AVAILABILITY = YES_AGGRESSIVE;
				CLANG_WARN_UNREACHABLE_CODE = YES;
				CLANG_WARN__DUPLICATE_METHOD_MATCH = YES;
				CODE_SIGN_IDENTITY = "Mac Developer";
				COPY_PHASE_STRIP = NO;
				DEBUG_INFORMATION_FORMAT = "dwarf-with-dsym";
				ENABLE_NS_ASSERTIONS = NO;
				ENABLE_STRICT_OBJC_MSGSEND = YES;
				GCC_C_LANGUAGE_STANDARD = gnu11;
				GCC_NO_COMMON_BLOCKS = YES;
				GCC_WARN_64_TO_32_BIT_CONVERSION = YES;
				GCC_WARN_ABOUT_RETURN_TYPE = YES_ERROR;
				GCC_WARN_UNDECLARED_SELECTOR = YES;
				GCC_WARN_UNINITIALIZED_AUTOS = YES_AGGRESSIVE;
				GCC_WARN_UNUSED_FUNCTION = YES;
				GCC_WARN_UNUSED_VARIABLE = YES;
				MACOSX_DEPLOYMENT_TARGET = 10.14;
				MTL_ENABLE_DEBUG_INFO = NO;
				MTL_FAST_MATH = YES;
				SDKROOT = macosx;
				SWIFT_COMPILATION_MODE = wholemodule;
				SWIFT_OPTIMIZATION_LEVEL = "-O";
			};
			name = Release;
		};
		536963CF21B9942300D6A45A /* Debug */ = {
			isa = XCBuildConfiguration;
			buildSettings = {
				CODE_SIGN_ENTITLEMENTS = "AmazonPiP Extension/AmazonPiP_Extension.entitlements";
				CODE_SIGN_STYLE = Automatic;
				DEVELOPMENT_TEAM = 5E7D5R7C83;
				INFOPLIST_FILE = "AmazonPiP Extension/Info.plist";
				LD_RUNPATH_SEARCH_PATHS = (
					"$(inherited)",
					"@executable_path/../Frameworks",
					"@executable_path/../../../../Frameworks",
				);
				PRODUCT_BUNDLE_IDENTIFIER = "me.syousif.AmazonPiP-Extension";
				PRODUCT_NAME = "$(TARGET_NAME)";
				SKIP_INSTALL = YES;
				SWIFT_VERSION = 4.2;
			};
			name = Debug;
		};
		536963D021B9942300D6A45A /* Release */ = {
			isa = XCBuildConfiguration;
			buildSettings = {
				CODE_SIGN_ENTITLEMENTS = "AmazonPiP Extension/AmazonPiP_Extension.entitlements";
				CODE_SIGN_STYLE = Automatic;
				DEVELOPMENT_TEAM = 5E7D5R7C83;
				INFOPLIST_FILE = "AmazonPiP Extension/Info.plist";
				LD_RUNPATH_SEARCH_PATHS = (
					"$(inherited)",
					"@executable_path/../Frameworks",
					"@executable_path/../../../../Frameworks",
				);
				PRODUCT_BUNDLE_IDENTIFIER = "me.syousif.AmazonPiP-Extension";
				PRODUCT_NAME = "$(TARGET_NAME)";
				SKIP_INSTALL = YES;
				SWIFT_VERSION = 4.2;
			};
			name = Release;
		};
		536963D321B9942300D6A45A /* Debug */ = {
			isa = XCBuildConfiguration;
			buildSettings = {
				ALWAYS_EMBED_SWIFT_STANDARD_LIBRARIES = YES;
				ASSETCATALOG_COMPILER_APPICON_NAME = AppIcon;
				CODE_SIGN_ENTITLEMENTS = AmazonPiP/AmazonPiP.entitlements;
				CODE_SIGN_STYLE = Automatic;
				COMBINE_HIDPI_IMAGES = YES;
				DEVELOPMENT_TEAM = 5E7D5R7C83;
				INFOPLIST_FILE = AmazonPiP/Info.plist;
				LD_RUNPATH_SEARCH_PATHS = (
					"$(inherited)",
					"@executable_path/../Frameworks",
				);
				PRODUCT_BUNDLE_IDENTIFIER = me.syousif.AmazonPiP;
				PRODUCT_NAME = "$(TARGET_NAME)";
				SWIFT_VERSION = 4.2;
			};
			name = Debug;
		};
		536963D421B9942300D6A45A /* Release */ = {
			isa = XCBuildConfiguration;
			buildSettings = {
				ALWAYS_EMBED_SWIFT_STANDARD_LIBRARIES = YES;
				ASSETCATALOG_COMPILER_APPICON_NAME = AppIcon;
				CODE_SIGN_ENTITLEMENTS = AmazonPiP/AmazonPiP.entitlements;
				CODE_SIGN_STYLE = Automatic;
				COMBINE_HIDPI_IMAGES = YES;
				DEVELOPMENT_TEAM = 5E7D5R7C83;
				INFOPLIST_FILE = AmazonPiP/Info.plist;
				LD_RUNPATH_SEARCH_PATHS = (
					"$(inherited)",
					"@executable_path/../Frameworks",
				);
				PRODUCT_BUNDLE_IDENTIFIER = me.syousif.AmazonPiP;
				PRODUCT_NAME = "$(TARGET_NAME)";
				SWIFT_VERSION = 4.2;
			};
			name = Release;
		};
		536963D621B9942300D6A45A /* Debug */ = {
			isa = XCBuildConfiguration;
			buildSettings = {
				ALWAYS_EMBED_SWIFT_STANDARD_LIBRARIES = YES;
				BUNDLE_LOADER = "$(TEST_HOST)";
				CODE_SIGN_STYLE = Automatic;
				COMBINE_HIDPI_IMAGES = YES;
				DEVELOPMENT_TEAM = 5E7D5R7C83;
				INFOPLIST_FILE = AmazonPiPTests/Info.plist;
				LD_RUNPATH_SEARCH_PATHS = (
					"$(inherited)",
					"@executable_path/../Frameworks",
					"@loader_path/../Frameworks",
				);
				PRODUCT_BUNDLE_IDENTIFIER = me.syousif.AmazonPiPTests;
				PRODUCT_NAME = "$(TARGET_NAME)";
				SWIFT_VERSION = 4.2;
				TEST_HOST = "$(BUILT_PRODUCTS_DIR)/AmazonPiP.app/Contents/MacOS/AmazonPiP";
			};
			name = Debug;
		};
		536963D721B9942300D6A45A /* Release */ = {
			isa = XCBuildConfiguration;
			buildSettings = {
				ALWAYS_EMBED_SWIFT_STANDARD_LIBRARIES = YES;
				BUNDLE_LOADER = "$(TEST_HOST)";
				CODE_SIGN_STYLE = Automatic;
				COMBINE_HIDPI_IMAGES = YES;
				DEVELOPMENT_TEAM = 5E7D5R7C83;
				INFOPLIST_FILE = AmazonPiPTests/Info.plist;
				LD_RUNPATH_SEARCH_PATHS = (
					"$(inherited)",
					"@executable_path/../Frameworks",
					"@loader_path/../Frameworks",
				);
				PRODUCT_BUNDLE_IDENTIFIER = me.syousif.AmazonPiPTests;
				PRODUCT_NAME = "$(TARGET_NAME)";
				SWIFT_VERSION = 4.2;
				TEST_HOST = "$(BUILT_PRODUCTS_DIR)/AmazonPiP.app/Contents/MacOS/AmazonPiP";
			};
			name = Release;
		};
		536963D921B9942300D6A45A /* Debug */ = {
			isa = XCBuildConfiguration;
			buildSettings = {
				ALWAYS_EMBED_SWIFT_STANDARD_LIBRARIES = YES;
				CODE_SIGN_STYLE = Automatic;
				COMBINE_HIDPI_IMAGES = YES;
				DEVELOPMENT_TEAM = 5E7D5R7C83;
				INFOPLIST_FILE = AmazonPiPUITests/Info.plist;
				LD_RUNPATH_SEARCH_PATHS = (
					"$(inherited)",
					"@executable_path/../Frameworks",
					"@loader_path/../Frameworks",
				);
				PRODUCT_BUNDLE_IDENTIFIER = me.syousif.AmazonPiPUITests;
				PRODUCT_NAME = "$(TARGET_NAME)";
				SWIFT_VERSION = 4.2;
				TEST_TARGET_NAME = AmazonPiP;
			};
			name = Debug;
		};
		536963DA21B9942300D6A45A /* Release */ = {
			isa = XCBuildConfiguration;
			buildSettings = {
				ALWAYS_EMBED_SWIFT_STANDARD_LIBRARIES = YES;
				CODE_SIGN_STYLE = Automatic;
				COMBINE_HIDPI_IMAGES = YES;
				DEVELOPMENT_TEAM = 5E7D5R7C83;
				INFOPLIST_FILE = AmazonPiPUITests/Info.plist;
				LD_RUNPATH_SEARCH_PATHS = (
					"$(inherited)",
					"@executable_path/../Frameworks",
					"@loader_path/../Frameworks",
				);
				PRODUCT_BUNDLE_IDENTIFIER = me.syousif.AmazonPiPUITests;
				PRODUCT_NAME = "$(TARGET_NAME)";
				SWIFT_VERSION = 4.2;
				TEST_TARGET_NAME = AmazonPiP;
			};
			name = Release;
		};
/* End XCBuildConfiguration section */

/* Begin XCConfigurationList section */
		5369638921B9942200D6A45A /* Build configuration list for PBXProject "AmazonPiP" */ = {
			isa = XCConfigurationList;
			buildConfigurations = (
				536963CC21B9942300D6A45A /* Debug */,
				536963CD21B9942300D6A45A /* Release */,
			);
			defaultConfigurationIsVisible = 0;
			defaultConfigurationName = Release;
		};
		536963CE21B9942300D6A45A /* Build configuration list for PBXNativeTarget "AmazonPiP Extension" */ = {
			isa = XCConfigurationList;
			buildConfigurations = (
				536963CF21B9942300D6A45A /* Debug */,
				536963D021B9942300D6A45A /* Release */,
			);
			defaultConfigurationIsVisible = 0;
			defaultConfigurationName = Release;
		};
		536963D221B9942300D6A45A /* Build configuration list for PBXNativeTarget "AmazonPiP" */ = {
			isa = XCConfigurationList;
			buildConfigurations = (
				536963D321B9942300D6A45A /* Debug */,
				536963D421B9942300D6A45A /* Release */,
			);
			defaultConfigurationIsVisible = 0;
			defaultConfigurationName = Release;
		};
		536963D521B9942300D6A45A /* Build configuration list for PBXNativeTarget "AmazonPiPTests" */ = {
			isa = XCConfigurationList;
			buildConfigurations = (
				536963D621B9942300D6A45A /* Debug */,
				536963D721B9942300D6A45A /* Release */,
			);
			defaultConfigurationIsVisible = 0;
			defaultConfigurationName = Release;
		};
		536963D821B9942300D6A45A /* Build configuration list for PBXNativeTarget "AmazonPiPUITests" */ = {
			isa = XCConfigurationList;
			buildConfigurations = (
				536963D921B9942300D6A45A /* Debug */,
				536963DA21B9942300D6A45A /* Release */,
			);
			defaultConfigurationIsVisible = 0;
			defaultConfigurationName = Release;
		};
/* End XCConfigurationList section */
	};
	rootObject = 5369638621B9942200D6A45A /* Project object */;
}
